
Microsoft Visual Studio Solution File, Format Version 12.00
# Visual Studio Version 17
VisualStudioVersion = 17.12.35521.163 d17.12
MinimumVisualStudioVersion = 10.0.40219.1
Project("{FAE04EC0-301F-11D3-BF4B-00C04F79EFBC}") = "OOP", "OOP.csproj", "{1891B8D1-FB65-4510-B26A-F2AFFB996756}"
EndProject
Global
	GlobalSection(SolutionConfigurationPlatforms) = preSolution
		Debug|Any CPU = Debug|Any CPU
		Release|Any CPU = Release|Any CPU
	EndGlobalSection
	GlobalSection(ProjectConfigurationPlatforms) = postSolution
		{1891B8D1-FB65-4510-B26A-F2AFFB996756}.Debug|Any CPU.ActiveCfg = Debug|Any CPU
		{1891B8D1-FB65-4510-B26A-F2AFFB996756}.Debug|Any CPU.Build.0 = Debug|Any CPU
		{1891B8D1-FB65-4510-B26A-F2AFFB996756}.Release|Any CPU.ActiveCfg = Release|Any CPU
		{1891B8D1-FB65-4510-B26A-F2AFFB996756}.Release|Any CPU.Build.0 = Release|Any CPU
	EndGlobalSection
	GlobalSection(SolutionProperties) = preSolution
		HideSolutionNode = FALSE
	EndGlobalSection
EndGlobal
